[{<<"cowboy">>,
  {git,"https://github.com/ninenines/cowboy",
       {ref,"e0254cdcb002d26a601d087b536d2b7e9be1f1f7"}},
  0},
 {<<"cowlib">>,
  {git,"https://github.com/ninenines/cowlib",
       {ref,"8588724cf91ddbb53b9c35ed665866556b217323"}},
  1},
 {<<"erlport">>,
  {git,"https://github.com/hdima/erlport.git",
       {ref,"246b7722d62b87b48be66d9a871509a537728962"}},
  0},
 {<<"erlsom">>,
  {git,"https://github.com/willemdj/erlsom",
       {ref,"af539d4951c55f8cc35fe7373e96b0dbbac7e8fa"}},
  0},
 {<<"esqlite">>,
  {git,"https://github.com/ruanpienaar/esqlite",
       {ref,"ab0fb5130683f2dfbe35e374119eacc900b422c1"}},
  0},
 {<<"gun">>,
  {git,"https://github.com/ninenines/gun",
       {ref,"e7dd9f227e46979d8073e71c683395a809b78cb4"}},
  1},
 {<<"holster">>,
  {git,"https://github.com/ruanpienaar/holster",
       {ref,"4844c85fcc82b07dfab174af27110be1d58e1075"}},
  0},
 {<<"ibrowse">>,
  {git,"https://github.com/cmullaparthi/ibrowse",
       {ref,"e6a0c366fc8fc982d7981087c1e9d1e28e2a235a"}},
  0},
 {<<"jiffy">>,
  {git,"https://github.com/davisp/jiffy",
       {ref,"ee8b48cb448a999e1fddbb5e2e32e7dfe33acf5c"}},
  0},
 {<<"ranch">>,
  {git,"https://github.com/ninenines/ranch",
       {ref,"3190aef88aea04d6dce8545fe9b4574288903f44"}},
  1}].
